// !$*UTF8*$!
{
	archiveVersion = 1;
	classes = {
	};
	objectVersion = 46;
	objects = {

/* Begin PBXBuildFile section */
		BA065D6A198800C1009282AC /* main.swift in Sources */ = {isa = PBXBuildFile; fileRef = BA065D69198800C1009282AC /* main.swift */; };
		BA065D6C198800C1009282AC /* Document.swift in Sources */ = {isa = PBXBuildFile; fileRef = BA065D6B198800C1009282AC /* Document.swift */; };
		BA065D6F198800C1009282AC /* Document.xib in Resources */ = {isa = PBXBuildFile; fileRef = BA065D6D198800C1009282AC /* Document.xib */; };
		BA065D72198800C1009282AC /* Document.xcdatamodeld in Sources */ = {isa = PBXBuildFile; fileRef = BA065D70198800C1009282AC /* Document.xcdatamodeld */; };
		BA065D74198800C1009282AC /* Images.xcassets in Resources */ = {isa = PBXBuildFile; fileRef = BA065D73198800C1009282AC /* Images.xcassets */; };
		BA065D77198800C1009282AC /* MainMenu.xib in Resources */ = {isa = PBXBuildFile; fileRef = BA065D75198800C1009282AC /* MainMenu.xib */; };
		BA065D83198800C2009282AC /* GarageOfCarsTests.swift in Sources */ = {isa = PBXBuildFile; fileRef = BA065D82198800C2009282AC /* GarageOfCarsTests.swift */; };
/* End PBXBuildFile section */

/* Begin PBXContainerItemProxy section */
		BA065D7D198800C2009282AC /* PBXContainerItemProxy */ = {
			isa = PBXContainerItemProxy;
			containerPortal = BA065D5C198800C1009282AC /* Project object */;
			proxyType = 1;
			remoteGlobalIDString = BA065D63198800C1009282AC;
			remoteInfo = GarageOfCars;
		};
/* End PBXContainerItemProxy section */

/* Begin PBXFileReference section */
		BA065D64198800C1009282AC /* GarageOfCars.app */ = {isa = PBXFileReference; explicitFileType = wrapper.application; includeInIndex = 0; path = GarageOfCars.app; sourceTree = BUILT_PRODUCTS_DIR; };
		BA065D68198800C1009282AC /* Info.plist */ = {isa = PBXFileReference; lastKnownFileType = text.plist.xml; path = Info.plist; sourceTree = "<group>"; };
		BA065D69198800C1009282AC /* main.swift */ = {isa = PBXFileReference; lastKnownFileType = sourcecode.swift; path = main.swift; sourceTree = "<group>"; };
		BA065D6B198800C1009282AC /* Document.swift */ = {isa = PBXFileReference; lastKnownFileType = sourcecode.swift; path = Document.swift; sourceTree = "<group>"; };
		BA065D6E198800C1009282AC /* Base */ = {isa = PBXFileReference; lastKnownFileType = file.xib; name = Base; path = Base.lproj/Document.xib; sourceTree = "<group>"; };
		BA065D71198800C1009282AC /* Document.xcdatamodel */ = {isa = PBXFileReference; lastKnownFileType = wrapper.xcdatamodel; path = Document.xcdatamodel; sourceTree = "<group>"; };
		BA065D73198800C1009282AC /* Images.xcassets */ = {isa = PBXFileReference; lastKnownFileType = folder.assetcatalog; path = Images.xcassets; sourceTree = "<group>"; };
		BA065D76198800C1009282AC /* Base */ = {isa = PBXFileReference; lastKnownFileType = file.xib; name = Base; path = Base.lproj/MainMenu.xib; sourceTree = "<group>"; };
		BA065D7C198800C2009282AC /* GarageOfCarsTests.xctest */ = {isa = PBXFileReference; explicitFileType = wrapper.cfbundle; includeInIndex = 0; path = GarageOfCarsTests.xctest; sourceTree = BUILT_PRODUCTS_DIR; };
		BA065D81198800C2009282AC /* Info.plist */ = {isa = PBXFileReference; lastKnownFileType = text.plist.xml; path = Info.plist; sourceTree = "<group>"; };
		BA065D82198800C2009282AC /* GarageOfCarsTests.swift */ = {isa = PBXFileReference; lastKnownFileType = sourcecode.swift; path = GarageOfCarsTests.swift; sourceTree = "<group>"; };
/* End PBXFileReference section */

/* Begin PBXFrameworksBuildPhase section */
		BA065D61198800C1009282AC /* Frameworks */ = {
			isa = PBXFrameworksBuildPhase;
			buildActionMask = 2147483647;
			files = (
			);
			runOnlyForDeploymentPostprocessing = 0;
		};
		BA065D79198800C2009282AC /* Frameworks */ = {
			isa = PBXFrameworksBuildPhase;
			buildActionMask = 2147483647;
			files = (
			);
			runOnlyForDeploymentPostprocessing = 0;
		};
/* End PBXFrameworksBuildPhase section */

/* Begin PBXGroup section */
		BA065D5B198800C1009282AC = {
			isa = PBXGroup;
			children = (
				BA065D66198800C1009282AC /* GarageOfCars */,
				BA065D7F198800C2009282AC /* GarageOfCarsTests */,
				BA065D65198800C1009282AC /* Products */,
			);
			sourceTree = "<group>";
		};
		BA065D65198800C1009282AC /* Products */ = {
			isa = PBXGroup;
			children = (
				BA065D64198800C1009282AC /* GarageOfCars.app */,
				BA065D7C198800C2009282AC /* GarageOfCarsTests.xctest */,
			);
			name = Products;
			sourceTree = "<group>";
		};
		BA065D66198800C1009282AC /* GarageOfCars */ = {
			isa = PBXGroup;
			children = (
				BA065D6B198800C1009282AC /* Document.swift */,
				BA065D6D198800C1009282AC /* Document.xib */,
				BA065D73198800C1009282AC /* Images.xcassets */,
				BA065D75198800C1009282AC /* MainMenu.xib */,
				BA065D70198800C1009282AC /* Document.xcdatamodeld */,
				BA065D67198800C1009282AC /* Supporting Files */,
			);
			path = GarageOfCars;
			sourceTree = "<group>";
		};
		BA065D67198800C1009282AC /* Supporting Files */ = {
			isa = PBXGroup;
			children = (
				BA065D68198800C1009282AC /* Info.plist */,
				BA065D69198800C1009282AC /* main.swift */,
			);
			name = "Supporting Files";
			sourceTree = "<group>";
		};
		BA065D7F198800C2009282AC /* GarageOfCarsTests */ = {
			isa = PBXGroup;
			children = (
				BA065D82198800C2009282AC /* GarageOfCarsTests.swift */,
				BA065D80198800C2009282AC /* Supporting Files */,
			);
			path = GarageOfCarsTests;
			sourceTree = "<group>";
		};
		BA065D80198800C2009282AC /* Supporting Files */ = {
			isa = PBXGroup;
			children = (
				BA065D81198800C2009282AC /* Info.plist */,
			);
			name = "Supporting Files";
			sourceTree = "<group>";
		};
/* End PBXGroup section */

/* Begin PBXNativeTarget section */
		BA065D63198800C1009282AC /* GarageOfCars */ = {
			isa = PBXNativeTarget;
			buildConfigurationList = BA065D86198800C2009282AC /* Build configuration list for PBXNativeTarget "GarageOfCars" */;
			buildPhases = (
				BA065D60198800C1009282AC /* Sources */,
				BA065D61198800C1009282AC /* Frameworks */,
				BA065D62198800C1009282AC /* Resources */,
			);
			buildRules = (
			);
			dependencies = (
			);
			name = GarageOfCars;
			productName = GarageOfCars;
			productReference = BA065D64198800C1009282AC /* GarageOfCars.app */;
			productType = "com.apple.product-type.application";
		};
		BA065D7B198800C2009282AC /* GarageOfCarsTests */ = {
			isa = PBXNativeTarget;
			buildConfigurationList = BA065D89198800C2009282AC /* Build configuration list for PBXNativeTarget "GarageOfCarsTests" */;
			buildPhases = (
				BA065D78198800C2009282AC /* Sources */,
				BA065D79198800C2009282AC /* Frameworks */,
				BA065D7A198800C2009282AC /* Resources */,
			);
			buildRules = (
			);
			dependencies = (
				BA065D7E198800C2009282AC /* PBXTargetDependency */,
			);
			name = GarageOfCarsTests;
			productName = GarageOfCarsTests;
			productReference = BA065D7C198800C2009282AC /* GarageOfCarsTests.xctest */;
			productType = "com.apple.product-type.bundle.unit-test";
		};
/* End PBXNativeTarget section */

/* Begin PBXProject section */
		BA065D5C198800C1009282AC /* Project object */ = {
			isa = PBXProject;
			attributes = {
				LastUpgradeCheck = 0600;
				ORGANIZATIONNAME = "Livio Bieri";
				TargetAttributes = {
					BA065D63198800C1009282AC = {
						CreatedOnToolsVersion = 6.0;
					};
					BA065D7B198800C2009282AC = {
						CreatedOnToolsVersion = 6.0;
						TestTargetID = BA065D63198800C1009282AC;
					};
				};
			};
			buildConfigurationList = BA065D5F198800C1009282AC /* Build configuration list for PBXProject "GarageOfCars" */;
			compatibilityVersion = "Xcode 3.2";
			developmentRegion = English;
			hasScannedForEncodings = 0;
			knownRegions = (
				en,
				Base,
			);
			mainGroup = BA065D5B198800C1009282AC;
			productRefGroup = BA065D65198800C1009282AC /* Products */;
			projectDirPath = "";
			projectRoot = "";
			targets = (
				BA065D63198800C1009282AC /* GarageOfCars */,
				BA065D7B198800C2009282AC /* GarageOfCarsTests */,
			);
		};
/* End PBXProject section */

/* Begin PBXResourcesBuildPhase section */
		BA065D62198800C1009282AC /* Resources */ = {
			isa = PBXResourcesBuildPhase;
			buildActionMask = 2147483647;
			files = (
				BA065D6F198800C1009282AC /* Document.xib in Resources */,
				BA065D74198800C1009282AC /* Images.xcassets in Resources */,
				BA065D77198800C1009282AC /* MainMenu.xib in Resources */,
			);
			runOnlyForDeploymentPostprocessing = 0;
		};
		BA065D7A198800C2009282AC /* Resources */ = {
			isa = PBXResourcesBuildPhase;
			buildActionMask = 2147483647;
			files = (
			);
			runOnlyForDeploymentPostprocessing = 0;
		};
/* End PBXResourcesBuildPhase section */

/* Begin PBXSourcesBuildPhase section */
		BA065D60198800C1009282AC /* Sources */ = {
			isa = PBXSourcesBuildPhase;
			buildActionMask = 2147483647;
			files = (
				BA065D72198800C1009282AC /* Document.xcdatamodeld in Sources */,
				BA065D6C198800C1009282AC /* Document.swift in Sources */,
				BA065D6A198800C1009282AC /* main.swift in Sources */,
			);
			runOnlyForDeploymentPostprocessing = 0;
		};
		BA065D78198800C2009282AC /* Sources */ = {
			isa = PBXSourcesBuildPhase;
			buildActionMask = 2147483647;
			files = (
				BA065D83198800C2009282AC /* GarageOfCarsTests.swift in Sources */,
			);
			runOnlyForDeploymentPostprocessing = 0;
		};
/* End PBXSourcesBuildPhase section */

/* Begin PBXTargetDependency section */
		BA065D7E198800C2009282AC /* PBXTargetDependency */ = {
			isa = PBXTargetDependency;
			target = BA065D63198800C1009282AC /* GarageOfCars */;
			targetProxy = BA065D7D198800C2009282AC /* PBXContainerItemProxy */;
		};
/* End PBXTargetDependency section */

/* Begin PBXVariantGroup section */
		BA065D6D198800C1009282AC /* Document.xib */ = {
			isa = PBXVariantGroup;
			children = (
				BA065D6E198800C1009282AC /* Base */,
			);
			name = Document.xib;
			sourceTree = "<group>";
		};
		BA065D75198800C1009282AC /* MainMenu.xib */ = {
			isa = PBXVariantGroup;
			children = (
				BA065D76198800C1009282AC /* Base */,
			);
			name = MainMenu.xib;
			sourceTree = "<group>";
		};
/* End PBXVariantGroup section */

/* Begin XCBuildConfiguration section */
		BA065D84198800C2009282AC /* Debug */ = {
			isa = XCBuildConfiguration;
			buildSettings = {
				ALWAYS_SEARCH_USER_PATHS = NO;
				CLANG_CXX_LANGUAGE_STANDARD = "gnu++0x";
				CLANG_CXX_LIBRARY = "libc++";
				CLANG_ENABLE_MODULES = YES;
				CLANG_ENABLE_OBJC_ARC = YES;
				CLANG_WARN_BOOL_CONVERSION = YES;
				CLANG_WARN_CONSTANT_CONVERSION = YES;
				CLANG_WARN_DIRECT_OBJC_ISA_USAGE = YES_ERROR;
				CLANG_WARN_EMPTY_BODY = YES;
				CLANG_WARN_ENUM_CONVERSION = YES;
				CLANG_WARN_INT_CONVERSION = YES;
				CLANG_WARN_OBJC_ROOT_CLASS = YES_ERROR;
				CLANG_WARN_UNREACHABLE_CODE = YES;
				CLANG_WARN__DUPLICATE_METHOD_MATCH = YES;
				CODE_SIGN_IDENTITY = "-";
				COPY_PHASE_STRIP = NO;
				ENABLE_STRICT_OBJC_MSGSEND = YES;
				GCC_C_LANGUAGE_STANDARD = gnu99;
				GCC_DYNAMIC_NO_PIC = NO;
				GCC_OPTIMIZATION_LEVEL = 0;
				GCC_PREPROCESSOR_DEFINITIONS = (
					"DEBUG=1",
					"$(inherited)",
				);
				GCC_SYMBOLS_PRIVATE_EXTERN = NO;
				GCC_WARN_64_TO_32_BIT_CONVERSION = YES;
				GCC_WARN_ABOUT_RETURN_TYPE = YES_ERROR;
				GCC_WARN_UNDECLARED_SELECTOR = YES;
				GCC_WARN_UNINITIALIZED_AUTOS = YES_AGGRESSIVE;
				GCC_WARN_UNUSED_FUNCTION = YES;
				GCC_WARN_UNUSED_VARIABLE = YES;
				MACOSX_DEPLOYMENT_TARGET = 10.9;
				MTL_ENABLE_DEBUG_INFO = YES;
				ONLY_ACTIVE_ARCH = YES;
				SDKROOT = macosx;
				SWIFT_OPTIMIZATION_LEVEL = "-Onone";
			};
			name = Debug;
		};
		BA065D85198800C2009282AC /* Release */ = {
			isa = XCBuildConfiguration;
			buildSettings = {
				ALWAYS_SEARCH_USER_PATHS = NO;
				CLANG_CXX_LANGUAGE_STANDARD = "gnu++0x";
				CLANG_CXX_LIBRARY = "libc++";
				CLANG_ENABLE_MODULES = YES;
				CLANG_ENABLE_OBJC_ARC = YES;
				CLANG_WARN_BOOL_CONVERSION = YES;
				CLANG_WARN_CONSTANT_CONVERSION = YES;
				CLANG_WARN_DIRECT_OBJC_ISA_USAGE = YES_ERROR;
				CLANG_WARN_EMPTY_BODY = YES;
				CLANG_WARN_ENUM_CONVERSION = YES;
				CLANG_WARN_INT_CONVERSION = YES;
				CLANG_WARN_OBJC_ROOT_CLASS = YES_ERROR;
				CLANG_WARN_UNREACHABLE_CODE = YES;
				CLANG_WARN__DUPLICATE_METHOD_MATCH = YES;
				CODE_SIGN_IDENTITY = "-";
				COPY_PHASE_STRIP = YES;
				DEBUG_INFORMATION_FORMAT = "dwarf-with-dsym";
				ENABLE_NS_ASSERTIONS = NO;
				ENABLE_STRICT_OBJC_MSGSEND = YES;
				GCC_C_LANGUAGE_STANDARD = gnu99;
				GCC_WARN_64_TO_32_BIT_CONVERSION = YES;
				GCC_WARN_ABOUT_RETURN_TYPE = YES_ERROR;
				GCC_WARN_UNDECLARED_SELECTOR = YES;
				GCC_WARN_UNINITIALIZED_AUTOS = YES_AGGRESSIVE;
				GCC_WARN_UNUSED_FUNCTION = YES;
				GCC_WARN_UNUSED_VARIABLE = YES;
				MACOSX_DEPLOYMENT_TARGET = 10.9;
				MTL_ENABLE_DEBUG_INFO = NO;
				SDKROOT = macosx;
			};
			name = Release;
		};
		BA065D87198800C2009282AC /* Debug */ = {
			isa = XCBuildConfiguration;
			buildSettings = {
				ASSETCATALOG_COMPILER_APPICON_NAME = AppIcon;
				COMBINE_HIDPI_IMAGES = YES;
				INFOPLIST_FILE = GarageOfCars/Info.plist;
				LD_RUNPATH_SEARCH_PATHS = "$(inherited) @executable_path/../Frameworks";
				PRODUCT_NAME = "$(TARGET_NAME)";
			};
			name = Debug;
		};
		BA065D88198800C2009282AC /* Release */ = {
			isa = XCBuildConfiguration;
			buildSettings = {
				ASSETCATALOG_COMPILER_APPICON_NAME = AppIcon;
				COMBINE_HIDPI_IMAGES = YES;
				INFOPLIST_FILE = GarageOfCars/Info.plist;
				LD_RUNPATH_SEARCH_PATHS = "$(inherited) @executable_path/../Frameworks";
				PRODUCT_NAME = "$(TARGET_NAME)";
			};
			name = Release;
		};
		BA065D8A198800C2009282AC /* Debug */ = {
			isa = XCBuildConfiguration;
			buildSettings = {
				BUNDLE_LOADER = "$(BUILT_PRODUCTS_DIR)/GarageOfCars.app/Contents/MacOS/GarageOfCars";
				COMBINE_HIDPI_IMAGES = YES;
				FRAMEWORK_SEARCH_PATHS = (
					"$(DEVELOPER_FRAMEWORKS_DIR)",
					"$(inherited)",
				);
				GCC_PREPROCESSOR_DEFINITIONS = (
					"DEBUG=1",
					"$(inherited)",
				);
				INFOPLIST_FILE = GarageOfCarsTests/Info.plist;
				LD_RUNPATH_SEARCH_PATHS = "$(inherited) @executable_path/../Frameworks @loader_path/../Frameworks";
				PRODUCT_NAME = "$(TARGET_NAME)";
				TEST_HOST = "$(BUNDLE_LOADER)";
			};
			name = Debug;
		};
		BA065D8B198800C2009282AC /* Release */ = {
			isa = XCBuildConfiguration;
			buildSettings = {
				BUNDLE_LOADER = "$(BUILT_PRODUCTS_DIR)/GarageOfCars.app/Contents/MacOS/GarageOfCars";
				COMBINE_HIDPI_IMAGES = YES;
				FRAMEWORK_SEARCH_PATHS = (
					"$(DEVELOPER_FRAMEWORKS_DIR)",
					"$(inherited)",
				);
				INFOPLIST_FILE = GarageOfCarsTests/Info.plist;
				LD_RUNPATH_SEARCH_PATHS = "$(inherited) @executable_path/../Frameworks @loader_path/../Frameworks";
				PRODUCT_NAME = "$(TARGET_NAME)";
				TEST_HOST = "$(BUNDLE_LOADER)";
			};
			name = Release;
		};
/* End XCBuildConfiguration section */

/* Begin XCConfigurationList section */
		BA065D5F198800C1009282AC /* Build configuration list for PBXProject "GarageOfCars" */ = {
			isa = XCConfigurationList;
			buildConfigurations = (
				BA065D84198800C2009282AC /* Debug */,
				BA065D85198800C2009282AC /* Release */,
			);
			defaultConfigurationIsVisible = 0;
			defaultConfigurationName = Release;
		};
		BA065D86198800C2009282AC /* Build configuration list for PBXNativeTarget "GarageOfCars" */ = {
			isa = XCConfigurationList;
			buildConfigurations = (
				BA065D87198800C2009282AC /* Debug */,
				BA065D88198800C2009282AC /* Release */,
			);
			defaultConfigurationIsVisible = 0;
		};
		BA065D89198800C2009282AC /* Build configuration list for PBXNativeTarget "GarageOfCarsTests" */ = {
			isa = XCConfigurationList;
			buildConfigurations = (
				BA065D8A198800C2009282AC /* Debug */,
				BA065D8B198800C2009282AC /* Release */,
			);
			defaultConfigurationIsVisible = 0;
		};
/* End XCConfigurationList section */

/* Begin XCVersionGroup section */
		BA065D70198800C1009282AC /* Document.xcdatamodeld */ = {
			isa = XCVersionGroup;
			children = (
				BA065D71198800C1009282AC /* Document.xcdatamodel */,
			);
			currentVersion = BA065D71198800C1009282AC /* Document.xcdatamodel */;
			path = Document.xcdatamodeld;
			sourceTree = "<group>";
			versionGroupType = wrapper.xcdatamodel;
		};
/* End XCVersionGroup section */
	};
	rootObject = BA065D5C198800C1009282AC /* Project object */;
}
