// !$*UTF8*$!
{
	archiveVersion = 1;
	classes = {
	};
	objectVersion = 46;
	objects = {

/* Begin PBXBuildFile section */
		BA7D48541A029C0B00F5F604 /* AppDelegate.swift in Sources */ = {isa = PBXBuildFile; fileRef = BA7D48531A029C0B00F5F604 /* AppDelegate.swift */; };
		BA7D48561A029C0B00F5F604 /* Images.xcassets in Resources */ = {isa = PBXBuildFile; fileRef = BA7D48551A029C0B00F5F604 /* Images.xcassets */; };
		BA7D48591A029C0B00F5F604 /* MainMenu.xib in Resources */ = {isa = PBXBuildFile; fileRef = BA7D48571A029C0B00F5F604 /* MainMenu.xib */; };
		BA7D48651A029C0B00F5F604 /* WhateverTests.swift in Sources */ = {isa = PBXBuildFile; fileRef = BA7D48641A029C0B00F5F604 /* WhateverTests.swift */; };
/* End PBXBuildFile section */

/* Begin PBXContainerItemProxy section */
		BA7D485F1A029C0B00F5F604 /* PBXContainerItemProxy */ = {
			isa = PBXContainerItemProxy;
			containerPortal = BA7D48461A029C0B00F5F604 /* Project object */;
			proxyType = 1;
			remoteGlobalIDString = BA7D484D1A029C0B00F5F604;
			remoteInfo = Whatever;
		};
/* End PBXContainerItemProxy section */

/* Begin PBXFileReference section */
		BA7D484E1A029C0B00F5F604 /* Whatever.app */ = {isa = PBXFileReference; explicitFileType = wrapper.application; includeInIndex = 0; path = Whatever.app; sourceTree = BUILT_PRODUCTS_DIR; };
		BA7D48521A029C0B00F5F604 /* Info.plist */ = {isa = PBXFileReference; lastKnownFileType = text.plist.xml; path = Info.plist; sourceTree = "<group>"; };
		BA7D48531A029C0B00F5F604 /* AppDelegate.swift */ = {isa = PBXFileReference; lastKnownFileType = sourcecode.swift; path = AppDelegate.swift; sourceTree = "<group>"; };
		BA7D48551A029C0B00F5F604 /* Images.xcassets */ = {isa = PBXFileReference; lastKnownFileType = folder.assetcatalog; path = Images.xcassets; sourceTree = "<group>"; };
		BA7D48581A029C0B00F5F604 /* Base */ = {isa = PBXFileReference; lastKnownFileType = file.xib; name = Base; path = Base.lproj/MainMenu.xib; sourceTree = "<group>"; };
		BA7D485E1A029C0B00F5F604 /* WhateverTests.xctest */ = {isa = PBXFileReference; explicitFileType = wrapper.cfbundle; includeInIndex = 0; path = WhateverTests.xctest; sourceTree = BUILT_PRODUCTS_DIR; };
		BA7D48631A029C0B00F5F604 /* Info.plist */ = {isa = PBXFileReference; lastKnownFileType = text.plist.xml; path = Info.plist; sourceTree = "<group>"; };
		BA7D48641A029C0B00F5F604 /* WhateverTests.swift */ = {isa = PBXFileReference; lastKnownFileType = sourcecode.swift; path = WhateverTests.swift; sourceTree = "<group>"; };
/* End PBXFileReference section */

/* Begin PBXFrameworksBuildPhase section */
		BA7D484B1A029C0B00F5F604 /* Frameworks */ = {
			isa = PBXFrameworksBuildPhase;
			buildActionMask = 2147483647;
			files = (
			);
			runOnlyForDeploymentPostprocessing = 0;
		};
		BA7D485B1A029C0B00F5F604 /* Frameworks */ = {
			isa = PBXFrameworksBuildPhase;
			buildActionMask = 2147483647;
			files = (
			);
			runOnlyForDeploymentPostprocessing = 0;
		};
/* End PBXFrameworksBuildPhase section */

/* Begin PBXGroup section */
		BA7D48451A029C0B00F5F604 = {
			isa = PBXGroup;
			children = (
				BA7D48501A029C0B00F5F604 /* Whatever */,
				BA7D48611A029C0B00F5F604 /* WhateverTests */,
				BA7D484F1A029C0B00F5F604 /* Products */,
			);
			sourceTree = "<group>";
		};
		BA7D484F1A029C0B00F5F604 /* Products */ = {
			isa = PBXGroup;
			children = (
				BA7D484E1A029C0B00F5F604 /* Whatever.app */,
				BA7D485E1A029C0B00F5F604 /* WhateverTests.xctest */,
			);
			name = Products;
			sourceTree = "<group>";
		};
		BA7D48501A029C0B00F5F604 /* Whatever */ = {
			isa = PBXGroup;
			children = (
				BA7D48531A029C0B00F5F604 /* AppDelegate.swift */,
				BA7D48551A029C0B00F5F604 /* Images.xcassets */,
				BA7D48571A029C0B00F5F604 /* MainMenu.xib */,
				BA7D48511A029C0B00F5F604 /* Supporting Files */,
			);
			path = Whatever;
			sourceTree = "<group>";
		};
		BA7D48511A029C0B00F5F604 /* Supporting Files */ = {
			isa = PBXGroup;
			children = (
				BA7D48521A029C0B00F5F604 /* Info.plist */,
			);
			name = "Supporting Files";
			sourceTree = "<group>";
		};
		BA7D48611A029C0B00F5F604 /* WhateverTests */ = {
			isa = PBXGroup;
			children = (
				BA7D48641A029C0B00F5F604 /* WhateverTests.swift */,
				BA7D48621A029C0B00F5F604 /* Supporting Files */,
			);
			path = WhateverTests;
			sourceTree = "<group>";
		};
		BA7D48621A029C0B00F5F604 /* Supporting Files */ = {
			isa = PBXGroup;
			children = (
				BA7D48631A029C0B00F5F604 /* Info.plist */,
			);
			name = "Supporting Files";
			sourceTree = "<group>";
		};
/* End PBXGroup section */

/* Begin PBXNativeTarget section */
		BA7D484D1A029C0B00F5F604 /* Whatever */ = {
			isa = PBXNativeTarget;
			buildConfigurationList = BA7D48681A029C0B00F5F604 /* Build configuration list for PBXNativeTarget "Whatever" */;
			buildPhases = (
				BA7D484A1A029C0B00F5F604 /* Sources */,
				BA7D484B1A029C0B00F5F604 /* Frameworks */,
				BA7D484C1A029C0B00F5F604 /* Resources */,
			);
			buildRules = (
			);
			dependencies = (
			);
			name = Whatever;
			productName = Whatever;
			productReference = BA7D484E1A029C0B00F5F604 /* Whatever.app */;
			productType = "com.apple.product-type.application";
		};
		BA7D485D1A029C0B00F5F604 /* WhateverTests */ = {
			isa = PBXNativeTarget;
			buildConfigurationList = BA7D486B1A029C0B00F5F604 /* Build configuration list for PBXNativeTarget "WhateverTests" */;
			buildPhases = (
				BA7D485A1A029C0B00F5F604 /* Sources */,
				BA7D485B1A029C0B00F5F604 /* Frameworks */,
				BA7D485C1A029C0B00F5F604 /* Resources */,
			);
			buildRules = (
			);
			dependencies = (
				BA7D48601A029C0B00F5F604 /* PBXTargetDependency */,
			);
			name = WhateverTests;
			productName = WhateverTests;
			productReference = BA7D485E1A029C0B00F5F604 /* WhateverTests.xctest */;
			productType = "com.apple.product-type.bundle.unit-test";
		};
/* End PBXNativeTarget section */

/* Begin PBXProject section */
		BA7D48461A029C0B00F5F604 /* Project object */ = {
			isa = PBXProject;
			attributes = {
				LastUpgradeCheck = 0610;
				ORGANIZATIONNAME = "Livio Bieri";
				TargetAttributes = {
					BA7D484D1A029C0B00F5F604 = {
						CreatedOnToolsVersion = 6.1;
					};
					BA7D485D1A029C0B00F5F604 = {
						CreatedOnToolsVersion = 6.1;
						TestTargetID = BA7D484D1A029C0B00F5F604;
					};
				};
			};
			buildConfigurationList = BA7D48491A029C0B00F5F604 /* Build configuration list for PBXProject "Whatever" */;
			compatibilityVersion = "Xcode 3.2";
			developmentRegion = English;
			hasScannedForEncodings = 0;
			knownRegions = (
				en,
				Base,
			);
			mainGroup = BA7D48451A029C0B00F5F604;
			productRefGroup = BA7D484F1A029C0B00F5F604 /* Products */;
			projectDirPath = "";
			projectRoot = "";
			targets = (
				BA7D484D1A029C0B00F5F604 /* Whatever */,
				BA7D485D1A029C0B00F5F604 /* WhateverTests */,
			);
		};
/* End PBXProject section */

/* Begin PBXResourcesBuildPhase section */
		BA7D484C1A029C0B00F5F604 /* Resources */ = {
			isa = PBXResourcesBuildPhase;
			buildActionMask = 2147483647;
			files = (
				BA7D48561A029C0B00F5F604 /* Images.xcassets in Resources */,
				BA7D48591A029C0B00F5F604 /* MainMenu.xib in Resources */,
			);
			runOnlyForDeploymentPostprocessing = 0;
		};
		BA7D485C1A029C0B00F5F604 /* Resources */ = {
			isa = PBXResourcesBuildPhase;
			buildActionMask = 2147483647;
			files = (
			);
			runOnlyForDeploymentPostprocessing = 0;
		};
/* End PBXResourcesBuildPhase section */

/* Begin PBXSourcesBuildPhase section */
		BA7D484A1A029C0B00F5F604 /* Sources */ = {
			isa = PBXSourcesBuildPhase;
			buildActionMask = 2147483647;
			files = (
				BA7D48541A029C0B00F5F604 /* AppDelegate.swift in Sources */,
			);
			runOnlyForDeploymentPostprocessing = 0;
		};
		BA7D485A1A029C0B00F5F604 /* Sources */ = {
			isa = PBXSourcesBuildPhase;
			buildActionMask = 2147483647;
			files = (
				BA7D48651A029C0B00F5F604 /* WhateverTests.swift in Sources */,
			);
			runOnlyForDeploymentPostprocessing = 0;
		};
/* End PBXSourcesBuildPhase section */

/* Begin PBXTargetDependency section */
		BA7D48601A029C0B00F5F604 /* PBXTargetDependency */ = {
			isa = PBXTargetDependency;
			target = BA7D484D1A029C0B00F5F604 /* Whatever */;
			targetProxy = BA7D485F1A029C0B00F5F604 /* PBXContainerItemProxy */;
		};
/* End PBXTargetDependency section */

/* Begin PBXVariantGroup section */
		BA7D48571A029C0B00F5F604 /* MainMenu.xib */ = {
			isa = PBXVariantGroup;
			children = (
				BA7D48581A029C0B00F5F604 /* Base */,
			);
			name = MainMenu.xib;
			sourceTree = "<group>";
		};
/* End PBXVariantGroup section */

/* Begin XCBuildConfiguration section */
		BA7D48661A029C0B00F5F604 /* Debug */ = {
			isa = XCBuildConfiguration;
			buildSettings = {
				ALWAYS_SEARCH_USER_PATHS = NO;
				CLANG_CXX_LANGUAGE_STANDARD = "gnu++0x";
				CLANG_CXX_LIBRARY = "libc++";
				CLANG_ENABLE_MODULES = YES;
				CLANG_ENABLE_OBJC_ARC = YES;
				CLANG_WARN_BOOL_CONVERSION = YES;
				CLANG_WARN_CONSTANT_CONVERSION = YES;
				CLANG_WARN_DIRECT_OBJC_ISA_USAGE = YES_ERROR;
				CLANG_WARN_EMPTY_BODY = YES;
				CLANG_WARN_ENUM_CONVERSION = YES;
				CLANG_WARN_INT_CONVERSION = YES;
				CLANG_WARN_OBJC_ROOT_CLASS = YES_ERROR;
				CLANG_WARN_UNREACHABLE_CODE = YES;
				CLANG_WARN__DUPLICATE_METHOD_MATCH = YES;
				CODE_SIGN_IDENTITY = "-";
				COPY_PHASE_STRIP = NO;
				ENABLE_STRICT_OBJC_MSGSEND = YES;
				GCC_C_LANGUAGE_STANDARD = gnu99;
				GCC_DYNAMIC_NO_PIC = NO;
				GCC_OPTIMIZATION_LEVEL = 0;
				GCC_PREPROCESSOR_DEFINITIONS = (
					"DEBUG=1",
					"$(inherited)",
				);
				GCC_SYMBOLS_PRIVATE_EXTERN = NO;
				GCC_WARN_64_TO_32_BIT_CONVERSION = YES;
				GCC_WARN_ABOUT_RETURN_TYPE = YES_ERROR;
				GCC_WARN_UNDECLARED_SELECTOR = YES;
				GCC_WARN_UNINITIALIZED_AUTOS = YES_AGGRESSIVE;
				GCC_WARN_UNUSED_FUNCTION = YES;
				GCC_WARN_UNUSED_VARIABLE = YES;
				MACOSX_DEPLOYMENT_TARGET = 10.10;
				MTL_ENABLE_DEBUG_INFO = YES;
				ONLY_ACTIVE_ARCH = YES;
				SDKROOT = macosx;
				SWIFT_OPTIMIZATION_LEVEL = "-Onone";
			};
			name = Debug;
		};
		BA7D48671A029C0B00F5F604 /* Release */ = {
			isa = XCBuildConfiguration;
			buildSettings = {
				ALWAYS_SEARCH_USER_PATHS = NO;
				CLANG_CXX_LANGUAGE_STANDARD = "gnu++0x";
				CLANG_CXX_LIBRARY = "libc++";
				CLANG_ENABLE_MODULES = YES;
				CLANG_ENABLE_OBJC_ARC = YES;
				CLANG_WARN_BOOL_CONVERSION = YES;
				CLANG_WARN_CONSTANT_CONVERSION = YES;
				CLANG_WARN_DIRECT_OBJC_ISA_USAGE = YES_ERROR;
				CLANG_WARN_EMPTY_BODY = YES;
				CLANG_WARN_ENUM_CONVERSION = YES;
				CLANG_WARN_INT_CONVERSION = YES;
				CLANG_WARN_OBJC_ROOT_CLASS = YES_ERROR;
				CLANG_WARN_UNREACHABLE_CODE = YES;
				CLANG_WARN__DUPLICATE_METHOD_MATCH = YES;
				CODE_SIGN_IDENTITY = "-";
				COPY_PHASE_STRIP = YES;
				DEBUG_INFORMATION_FORMAT = "dwarf-with-dsym";
				ENABLE_NS_ASSERTIONS = NO;
				ENABLE_STRICT_OBJC_MSGSEND = YES;
				GCC_C_LANGUAGE_STANDARD = gnu99;
				GCC_WARN_64_TO_32_BIT_CONVERSION = YES;
				GCC_WARN_ABOUT_RETURN_TYPE = YES_ERROR;
				GCC_WARN_UNDECLARED_SELECTOR = YES;
				GCC_WARN_UNINITIALIZED_AUTOS = YES_AGGRESSIVE;
				GCC_WARN_UNUSED_FUNCTION = YES;
				GCC_WARN_UNUSED_VARIABLE = YES;
				MACOSX_DEPLOYMENT_TARGET = 10.10;
				MTL_ENABLE_DEBUG_INFO = NO;
				SDKROOT = macosx;
			};
			name = Release;
		};
		BA7D48691A029C0B00F5F604 /* Debug */ = {
			isa = XCBuildConfiguration;
			buildSettings = {
				ASSETCATALOG_COMPILER_APPICON_NAME = AppIcon;
				COMBINE_HIDPI_IMAGES = YES;
				INFOPLIST_FILE = Whatever/Info.plist;
				LD_RUNPATH_SEARCH_PATHS = "$(inherited) @executable_path/../Frameworks";
				PRODUCT_NAME = "$(TARGET_NAME)";
			};
			name = Debug;
		};
		BA7D486A1A029C0B00F5F604 /* Release */ = {
			isa = XCBuildConfiguration;
			buildSettings = {
				ASSETCATALOG_COMPILER_APPICON_NAME = AppIcon;
				COMBINE_HIDPI_IMAGES = YES;
				INFOPLIST_FILE = Whatever/Info.plist;
				LD_RUNPATH_SEARCH_PATHS = "$(inherited) @executable_path/../Frameworks";
				PRODUCT_NAME = "$(TARGET_NAME)";
			};
			name = Release;
		};
		BA7D486C1A029C0B00F5F604 /* Debug */ = {
			isa = XCBuildConfiguration;
			buildSettings = {
				BUNDLE_LOADER = "$(TEST_HOST)";
				COMBINE_HIDPI_IMAGES = YES;
				FRAMEWORK_SEARCH_PATHS = (
					"$(DEVELOPER_FRAMEWORKS_DIR)",
					"$(inherited)",
				);
				GCC_PREPROCESSOR_DEFINITIONS = (
					"DEBUG=1",
					"$(inherited)",
				);
				INFOPLIST_FILE = WhateverTests/Info.plist;
				LD_RUNPATH_SEARCH_PATHS = "$(inherited) @executable_path/../Frameworks @loader_path/../Frameworks";
				PRODUCT_NAME = "$(TARGET_NAME)";
				TEST_HOST = "$(BUILT_PRODUCTS_DIR)/Whatever.app/Contents/MacOS/Whatever";
			};
			name = Debug;
		};
		BA7D486D1A029C0B00F5F604 /* Release */ = {
			isa = XCBuildConfiguration;
			buildSettings = {
				BUNDLE_LOADER = "$(TEST_HOST)";
				COMBINE_HIDPI_IMAGES = YES;
				FRAMEWORK_SEARCH_PATHS = (
					"$(DEVELOPER_FRAMEWORKS_DIR)",
					"$(inherited)",
				);
				INFOPLIST_FILE = WhateverTests/Info.plist;
				LD_RUNPATH_SEARCH_PATHS = "$(inherited) @executable_path/../Frameworks @loader_path/../Frameworks";
				PRODUCT_NAME = "$(TARGET_NAME)";
				TEST_HOST = "$(BUILT_PRODUCTS_DIR)/Whatever.app/Contents/MacOS/Whatever";
			};
			name = Release;
		};
/* End XCBuildConfiguration section */

/* Begin XCConfigurationList section */
		BA7D48491A029C0B00F5F604 /* Build configuration list for PBXProject "Whatever" */ = {
			isa = XCConfigurationList;
			buildConfigurations = (
				BA7D48661A029C0B00F5F604 /* Debug */,
				BA7D48671A029C0B00F5F604 /* Release */,
			);
			defaultConfigurationIsVisible = 0;
			defaultConfigurationName = Release;
		};
		BA7D48681A029C0B00F5F604 /* Build configuration list for PBXNativeTarget "Whatever" */ = {
			isa = XCConfigurationList;
			buildConfigurations = (
				BA7D48691A029C0B00F5F604 /* Debug */,
				BA7D486A1A029C0B00F5F604 /* Release */,
			);
			defaultConfigurationIsVisible = 0;
		};
		BA7D486B1A029C0B00F5F604 /* Build configuration list for PBXNativeTarget "WhateverTests" */ = {
			isa = XCConfigurationList;
			buildConfigurations = (
				BA7D486C1A029C0B00F5F604 /* Debug */,
				BA7D486D1A029C0B00F5F604 /* Release */,
			);
			defaultConfigurationIsVisible = 0;
		};
/* End XCConfigurationList section */
	};
	rootObject = BA7D48461A029C0B00F5F604 /* Project object */;
}
