// !$*UTF8*$!
{
	archiveVersion = 1;
	classes = {
	};
	objectVersion = 46;
	objects = {

/* Begin PBXBuildFile section */
		BA3643EA1956D1F60056E0D6 /* main.swift in Sources */ = {isa = PBXBuildFile; fileRef = BA3643E91956D1F60056E0D6 /* main.swift */; };
		BA3643EC1956D1F60056E0D6 /* AppDelegate.swift in Sources */ = {isa = PBXBuildFile; fileRef = BA3643EB1956D1F60056E0D6 /* AppDelegate.swift */; };
		BA3643EE1956D1F60056E0D6 /* Images.xcassets in Resources */ = {isa = PBXBuildFile; fileRef = BA3643ED1956D1F60056E0D6 /* Images.xcassets */; };
		BA3643F11956D1F60056E0D6 /* MainMenu.xib in Resources */ = {isa = PBXBuildFile; fileRef = BA3643EF1956D1F60056E0D6 /* MainMenu.xib */; };
		BA3643FD1956D1F70056E0D6 /* SpeakerTests.swift in Sources */ = {isa = PBXBuildFile; fileRef = BA3643FC1956D1F70056E0D6 /* SpeakerTests.swift */; };
		BA3644071956D7050056E0D6 /* SpeakerDelegate.swift in Sources */ = {isa = PBXBuildFile; fileRef = BA3644061956D7050056E0D6 /* SpeakerDelegate.swift */; };
/* End PBXBuildFile section */

/* Begin PBXContainerItemProxy section */
		BA3643F71956D1F70056E0D6 /* PBXContainerItemProxy */ = {
			isa = PBXContainerItemProxy;
			containerPortal = BA3643DC1956D1F60056E0D6 /* Project object */;
			proxyType = 1;
			remoteGlobalIDString = BA3643E31956D1F60056E0D6;
			remoteInfo = Speaker;
		};
/* End PBXContainerItemProxy section */

/* Begin PBXFileReference section */
		BA3643E41956D1F60056E0D6 /* Speaker.app */ = {isa = PBXFileReference; explicitFileType = wrapper.application; includeInIndex = 0; path = Speaker.app; sourceTree = BUILT_PRODUCTS_DIR; };
		BA3643E81956D1F60056E0D6 /* Info.plist */ = {isa = PBXFileReference; lastKnownFileType = text.plist.xml; path = Info.plist; sourceTree = "<group>"; };
		BA3643E91956D1F60056E0D6 /* main.swift */ = {isa = PBXFileReference; lastKnownFileType = sourcecode.swift; path = main.swift; sourceTree = "<group>"; };
		BA3643EB1956D1F60056E0D6 /* AppDelegate.swift */ = {isa = PBXFileReference; lastKnownFileType = sourcecode.swift; path = AppDelegate.swift; sourceTree = "<group>"; };
		BA3643ED1956D1F60056E0D6 /* Images.xcassets */ = {isa = PBXFileReference; lastKnownFileType = folder.assetcatalog; path = Images.xcassets; sourceTree = "<group>"; };
		BA3643F01956D1F60056E0D6 /* Base */ = {isa = PBXFileReference; lastKnownFileType = file.xib; name = Base; path = Base.lproj/MainMenu.xib; sourceTree = "<group>"; };
		BA3643F61956D1F70056E0D6 /* SpeakerTests.xctest */ = {isa = PBXFileReference; explicitFileType = wrapper.cfbundle; includeInIndex = 0; path = SpeakerTests.xctest; sourceTree = BUILT_PRODUCTS_DIR; };
		BA3643FB1956D1F70056E0D6 /* Info.plist */ = {isa = PBXFileReference; lastKnownFileType = text.plist.xml; path = Info.plist; sourceTree = "<group>"; };
		BA3643FC1956D1F70056E0D6 /* SpeakerTests.swift */ = {isa = PBXFileReference; lastKnownFileType = sourcecode.swift; path = SpeakerTests.swift; sourceTree = "<group>"; };
		BA3644061956D7050056E0D6 /* SpeakerDelegate.swift */ = {isa = PBXFileReference; fileEncoding = 4; lastKnownFileType = sourcecode.swift; path = SpeakerDelegate.swift; sourceTree = "<group>"; };
/* End PBXFileReference section */

/* Begin PBXFrameworksBuildPhase section */
		BA3643E11956D1F60056E0D6 /* Frameworks */ = {
			isa = PBXFrameworksBuildPhase;
			buildActionMask = 2147483647;
			files = (
			);
			runOnlyForDeploymentPostprocessing = 0;
		};
		BA3643F31956D1F70056E0D6 /* Frameworks */ = {
			isa = PBXFrameworksBuildPhase;
			buildActionMask = 2147483647;
			files = (
			);
			runOnlyForDeploymentPostprocessing = 0;
		};
/* End PBXFrameworksBuildPhase section */

/* Begin PBXGroup section */
		BA3643DB1956D1F60056E0D6 = {
			isa = PBXGroup;
			children = (
				BA3643E61956D1F60056E0D6 /* Speaker */,
				BA3643F91956D1F70056E0D6 /* SpeakerTests */,
				BA3643E51956D1F60056E0D6 /* Products */,
			);
			sourceTree = "<group>";
		};
		BA3643E51956D1F60056E0D6 /* Products */ = {
			isa = PBXGroup;
			children = (
				BA3643E41956D1F60056E0D6 /* Speaker.app */,
				BA3643F61956D1F70056E0D6 /* SpeakerTests.xctest */,
			);
			name = Products;
			sourceTree = "<group>";
		};
		BA3643E61956D1F60056E0D6 /* Speaker */ = {
			isa = PBXGroup;
			children = (
				BA3643EB1956D1F60056E0D6 /* AppDelegate.swift */,
				BA3643ED1956D1F60056E0D6 /* Images.xcassets */,
				BA3643EF1956D1F60056E0D6 /* MainMenu.xib */,
				BA3644061956D7050056E0D6 /* SpeakerDelegate.swift */,
				BA3643E71956D1F60056E0D6 /* Supporting Files */,
			);
			path = Speaker;
			sourceTree = "<group>";
		};
		BA3643E71956D1F60056E0D6 /* Supporting Files */ = {
			isa = PBXGroup;
			children = (
				BA3643E81956D1F60056E0D6 /* Info.plist */,
				BA3643E91956D1F60056E0D6 /* main.swift */,
			);
			name = "Supporting Files";
			sourceTree = "<group>";
		};
		BA3643F91956D1F70056E0D6 /* SpeakerTests */ = {
			isa = PBXGroup;
			children = (
				BA3643FC1956D1F70056E0D6 /* SpeakerTests.swift */,
				BA3643FA1956D1F70056E0D6 /* Supporting Files */,
			);
			path = SpeakerTests;
			sourceTree = "<group>";
		};
		BA3643FA1956D1F70056E0D6 /* Supporting Files */ = {
			isa = PBXGroup;
			children = (
				BA3643FB1956D1F70056E0D6 /* Info.plist */,
			);
			name = "Supporting Files";
			sourceTree = "<group>";
		};
/* End PBXGroup section */

/* Begin PBXNativeTarget section */
		BA3643E31956D1F60056E0D6 /* Speaker */ = {
			isa = PBXNativeTarget;
			buildConfigurationList = BA3644001956D1F70056E0D6 /* Build configuration list for PBXNativeTarget "Speaker" */;
			buildPhases = (
				BA3643E01956D1F60056E0D6 /* Sources */,
				BA3643E11956D1F60056E0D6 /* Frameworks */,
				BA3643E21956D1F60056E0D6 /* Resources */,
			);
			buildRules = (
			);
			dependencies = (
			);
			name = Speaker;
			productName = Speaker;
			productReference = BA3643E41956D1F60056E0D6 /* Speaker.app */;
			productType = "com.apple.product-type.application";
		};
		BA3643F51956D1F70056E0D6 /* SpeakerTests */ = {
			isa = PBXNativeTarget;
			buildConfigurationList = BA3644031956D1F70056E0D6 /* Build configuration list for PBXNativeTarget "SpeakerTests" */;
			buildPhases = (
				BA3643F21956D1F70056E0D6 /* Sources */,
				BA3643F31956D1F70056E0D6 /* Frameworks */,
				BA3643F41956D1F70056E0D6 /* Resources */,
			);
			buildRules = (
			);
			dependencies = (
				BA3643F81956D1F70056E0D6 /* PBXTargetDependency */,
			);
			name = SpeakerTests;
			productName = SpeakerTests;
			productReference = BA3643F61956D1F70056E0D6 /* SpeakerTests.xctest */;
			productType = "com.apple.product-type.bundle.unit-test";
		};
/* End PBXNativeTarget section */

/* Begin PBXProject section */
		BA3643DC1956D1F60056E0D6 /* Project object */ = {
			isa = PBXProject;
			attributes = {
				LastUpgradeCheck = 0600;
				ORGANIZATIONNAME = "Livio Bieri";
				TargetAttributes = {
					BA3643E31956D1F60056E0D6 = {
						CreatedOnToolsVersion = 6.0;
					};
					BA3643F51956D1F70056E0D6 = {
						CreatedOnToolsVersion = 6.0;
						TestTargetID = BA3643E31956D1F60056E0D6;
					};
				};
			};
			buildConfigurationList = BA3643DF1956D1F60056E0D6 /* Build configuration list for PBXProject "Speaker" */;
			compatibilityVersion = "Xcode 3.2";
			developmentRegion = English;
			hasScannedForEncodings = 0;
			knownRegions = (
				en,
				Base,
			);
			mainGroup = BA3643DB1956D1F60056E0D6;
			productRefGroup = BA3643E51956D1F60056E0D6 /* Products */;
			projectDirPath = "";
			projectRoot = "";
			targets = (
				BA3643E31956D1F60056E0D6 /* Speaker */,
				BA3643F51956D1F70056E0D6 /* SpeakerTests */,
			);
		};
/* End PBXProject section */

/* Begin PBXResourcesBuildPhase section */
		BA3643E21956D1F60056E0D6 /* Resources */ = {
			isa = PBXResourcesBuildPhase;
			buildActionMask = 2147483647;
			files = (
				BA3643EE1956D1F60056E0D6 /* Images.xcassets in Resources */,
				BA3643F11956D1F60056E0D6 /* MainMenu.xib in Resources */,
			);
			runOnlyForDeploymentPostprocessing = 0;
		};
		BA3643F41956D1F70056E0D6 /* Resources */ = {
			isa = PBXResourcesBuildPhase;
			buildActionMask = 2147483647;
			files = (
			);
			runOnlyForDeploymentPostprocessing = 0;
		};
/* End PBXResourcesBuildPhase section */

/* Begin PBXSourcesBuildPhase section */
		BA3643E01956D1F60056E0D6 /* Sources */ = {
			isa = PBXSourcesBuildPhase;
			buildActionMask = 2147483647;
			files = (
				BA3643EC1956D1F60056E0D6 /* AppDelegate.swift in Sources */,
				BA3644071956D7050056E0D6 /* SpeakerDelegate.swift in Sources */,
				BA3643EA1956D1F60056E0D6 /* main.swift in Sources */,
			);
			runOnlyForDeploymentPostprocessing = 0;
		};
		BA3643F21956D1F70056E0D6 /* Sources */ = {
			isa = PBXSourcesBuildPhase;
			buildActionMask = 2147483647;
			files = (
				BA3643FD1956D1F70056E0D6 /* SpeakerTests.swift in Sources */,
			);
			runOnlyForDeploymentPostprocessing = 0;
		};
/* End PBXSourcesBuildPhase section */

/* Begin PBXTargetDependency section */
		BA3643F81956D1F70056E0D6 /* PBXTargetDependency */ = {
			isa = PBXTargetDependency;
			target = BA3643E31956D1F60056E0D6 /* Speaker */;
			targetProxy = BA3643F71956D1F70056E0D6 /* PBXContainerItemProxy */;
		};
/* End PBXTargetDependency section */

/* Begin PBXVariantGroup section */
		BA3643EF1956D1F60056E0D6 /* MainMenu.xib */ = {
			isa = PBXVariantGroup;
			children = (
				BA3643F01956D1F60056E0D6 /* Base */,
			);
			name = MainMenu.xib;
			sourceTree = "<group>";
		};
/* End PBXVariantGroup section */

/* Begin XCBuildConfiguration section */
		BA3643FE1956D1F70056E0D6 /* Debug */ = {
			isa = XCBuildConfiguration;
			buildSettings = {
				ALWAYS_SEARCH_USER_PATHS = NO;
				CLANG_CXX_LANGUAGE_STANDARD = "gnu++0x";
				CLANG_CXX_LIBRARY = "libc++";
				CLANG_ENABLE_MODULES = YES;
				CLANG_ENABLE_OBJC_ARC = YES;
				CLANG_WARN_BOOL_CONVERSION = YES;
				CLANG_WARN_CONSTANT_CONVERSION = YES;
				CLANG_WARN_DIRECT_OBJC_ISA_USAGE = YES_ERROR;
				CLANG_WARN_EMPTY_BODY = YES;
				CLANG_WARN_ENUM_CONVERSION = YES;
				CLANG_WARN_INT_CONVERSION = YES;
				CLANG_WARN_OBJC_ROOT_CLASS = YES_ERROR;
				CLANG_WARN_UNREACHABLE_CODE = YES;
				CLANG_WARN__DUPLICATE_METHOD_MATCH = YES;
				CODE_SIGN_IDENTITY = "-";
				COPY_PHASE_STRIP = NO;
				ENABLE_STRICT_OBJC_MSGSEND = YES;
				GCC_C_LANGUAGE_STANDARD = gnu99;
				GCC_DYNAMIC_NO_PIC = NO;
				GCC_OPTIMIZATION_LEVEL = 0;
				GCC_PREPROCESSOR_DEFINITIONS = (
					"DEBUG=1",
					"$(inherited)",
				);
				GCC_SYMBOLS_PRIVATE_EXTERN = NO;
				GCC_WARN_64_TO_32_BIT_CONVERSION = YES;
				GCC_WARN_ABOUT_RETURN_TYPE = YES_ERROR;
				GCC_WARN_UNDECLARED_SELECTOR = YES;
				GCC_WARN_UNINITIALIZED_AUTOS = YES_AGGRESSIVE;
				GCC_WARN_UNUSED_FUNCTION = YES;
				GCC_WARN_UNUSED_VARIABLE = YES;
				MACOSX_DEPLOYMENT_TARGET = 10.9;
				METAL_ENABLE_DEBUG_INFO = YES;
				ONLY_ACTIVE_ARCH = YES;
				SDKROOT = macosx;
				SWIFT_OPTIMIZATION_LEVEL = "-Onone";
			};
			name = Debug;
		};
		BA3643FF1956D1F70056E0D6 /* Release */ = {
			isa = XCBuildConfiguration;
			buildSettings = {
				ALWAYS_SEARCH_USER_PATHS = NO;
				CLANG_CXX_LANGUAGE_STANDARD = "gnu++0x";
				CLANG_CXX_LIBRARY = "libc++";
				CLANG_ENABLE_MODULES = YES;
				CLANG_ENABLE_OBJC_ARC = YES;
				CLANG_WARN_BOOL_CONVERSION = YES;
				CLANG_WARN_CONSTANT_CONVERSION = YES;
				CLANG_WARN_DIRECT_OBJC_ISA_USAGE = YES_ERROR;
				CLANG_WARN_EMPTY_BODY = YES;
				CLANG_WARN_ENUM_CONVERSION = YES;
				CLANG_WARN_INT_CONVERSION = YES;
				CLANG_WARN_OBJC_ROOT_CLASS = YES_ERROR;
				CLANG_WARN_UNREACHABLE_CODE = YES;
				CLANG_WARN__DUPLICATE_METHOD_MATCH = YES;
				CODE_SIGN_IDENTITY = "-";
				COPY_PHASE_STRIP = YES;
				DEBUG_INFORMATION_FORMAT = "dwarf-with-dsym";
				ENABLE_NS_ASSERTIONS = NO;
				ENABLE_STRICT_OBJC_MSGSEND = YES;
				GCC_C_LANGUAGE_STANDARD = gnu99;
				GCC_WARN_64_TO_32_BIT_CONVERSION = YES;
				GCC_WARN_ABOUT_RETURN_TYPE = YES_ERROR;
				GCC_WARN_UNDECLARED_SELECTOR = YES;
				GCC_WARN_UNINITIALIZED_AUTOS = YES_AGGRESSIVE;
				GCC_WARN_UNUSED_FUNCTION = YES;
				GCC_WARN_UNUSED_VARIABLE = YES;
				MACOSX_DEPLOYMENT_TARGET = 10.9;
				METAL_ENABLE_DEBUG_INFO = NO;
				SDKROOT = macosx;
			};
			name = Release;
		};
		BA3644011956D1F70056E0D6 /* Debug */ = {
			isa = XCBuildConfiguration;
			buildSettings = {
				ASSETCATALOG_COMPILER_APPICON_NAME = AppIcon;
				COMBINE_HIDPI_IMAGES = YES;
				INFOPLIST_FILE = Speaker/Info.plist;
				LD_RUNPATH_SEARCH_PATHS = "$(inherited) @executable_path/../Frameworks";
				PRODUCT_NAME = "$(TARGET_NAME)";
			};
			name = Debug;
		};
		BA3644021956D1F70056E0D6 /* Release */ = {
			isa = XCBuildConfiguration;
			buildSettings = {
				ASSETCATALOG_COMPILER_APPICON_NAME = AppIcon;
				COMBINE_HIDPI_IMAGES = YES;
				INFOPLIST_FILE = Speaker/Info.plist;
				LD_RUNPATH_SEARCH_PATHS = "$(inherited) @executable_path/../Frameworks";
				PRODUCT_NAME = "$(TARGET_NAME)";
			};
			name = Release;
		};
		BA3644041956D1F70056E0D6 /* Debug */ = {
			isa = XCBuildConfiguration;
			buildSettings = {
				BUNDLE_LOADER = "$(BUILT_PRODUCTS_DIR)/Speaker.app/Contents/MacOS/Speaker";
				COMBINE_HIDPI_IMAGES = YES;
				FRAMEWORK_SEARCH_PATHS = (
					"$(DEVELOPER_FRAMEWORKS_DIR)",
					"$(inherited)",
				);
				GCC_PREPROCESSOR_DEFINITIONS = (
					"DEBUG=1",
					"$(inherited)",
				);
				INFOPLIST_FILE = SpeakerTests/Info.plist;
				LD_RUNPATH_SEARCH_PATHS = "$(inherited) @executable_path/../Frameworks @loader_path/../Frameworks";
				METAL_ENABLE_DEBUG_INFO = YES;
				PRODUCT_NAME = "$(TARGET_NAME)";
				TEST_HOST = "$(BUNDLE_LOADER)";
			};
			name = Debug;
		};
		BA3644051956D1F70056E0D6 /* Release */ = {
			isa = XCBuildConfiguration;
			buildSettings = {
				BUNDLE_LOADER = "$(BUILT_PRODUCTS_DIR)/Speaker.app/Contents/MacOS/Speaker";
				COMBINE_HIDPI_IMAGES = YES;
				FRAMEWORK_SEARCH_PATHS = (
					"$(DEVELOPER_FRAMEWORKS_DIR)",
					"$(inherited)",
				);
				INFOPLIST_FILE = SpeakerTests/Info.plist;
				LD_RUNPATH_SEARCH_PATHS = "$(inherited) @executable_path/../Frameworks @loader_path/../Frameworks";
				METAL_ENABLE_DEBUG_INFO = NO;
				PRODUCT_NAME = "$(TARGET_NAME)";
				TEST_HOST = "$(BUNDLE_LOADER)";
			};
			name = Release;
		};
/* End XCBuildConfiguration section */

/* Begin XCConfigurationList section */
		BA3643DF1956D1F60056E0D6 /* Build configuration list for PBXProject "Speaker" */ = {
			isa = XCConfigurationList;
			buildConfigurations = (
				BA3643FE1956D1F70056E0D6 /* Debug */,
				BA3643FF1956D1F70056E0D6 /* Release */,
			);
			defaultConfigurationIsVisible = 0;
			defaultConfigurationName = Release;
		};
		BA3644001956D1F70056E0D6 /* Build configuration list for PBXNativeTarget "Speaker" */ = {
			isa = XCConfigurationList;
			buildConfigurations = (
				BA3644011956D1F70056E0D6 /* Debug */,
				BA3644021956D1F70056E0D6 /* Release */,
			);
			defaultConfigurationIsVisible = 0;
			defaultConfigurationName = Release;
		};
		BA3644031956D1F70056E0D6 /* Build configuration list for PBXNativeTarget "SpeakerTests" */ = {
			isa = XCConfigurationList;
			buildConfigurations = (
				BA3644041956D1F70056E0D6 /* Debug */,
				BA3644051956D1F70056E0D6 /* Release */,
			);
			defaultConfigurationIsVisible = 0;
			defaultConfigurationName = Release;
		};
/* End XCConfigurationList section */
	};
	rootObject = BA3643DC1956D1F60056E0D6 /* Project object */;
}
